
Microsoft Visual Studio Solution File, Format Version 12.00
# Visual Studio Version 17
VisualStudioVersion = 17.10.35004.147
MinimumVisualStudioVersion = 10.0.40219.1
Project("{FAE04EC0-301F-11D3-BF4B-00C04F79EFBC}") = "logFilter", "logFilter.csproj", "{B168CC01-D7D9-4E76-95EA-5C9027D0247D}"
EndProject
Global
	GlobalSection(SolutionConfigurationPlatforms) = preSolution
		Debug|Any CPU = Debug|Any CPU
		Release|Any CPU = Release|Any CPU
	EndGlobalSection
	GlobalSection(ProjectConfigurationPlatforms) = postSolution
		{B168CC01-D7D9-4E76-95EA-5C9027D0247D}.Debug|Any CPU.ActiveCfg = Debug|Any CPU
		{B168CC01-D7D9-4E76-95EA-5C9027D0247D}.Debug|Any CPU.Build.0 = Debug|Any CPU
		{B168CC01-D7D9-4E76-95EA-5C9027D0247D}.Release|Any CPU.ActiveCfg = Release|Any CPU
		{B168CC01-D7D9-4E76-95EA-5C9027D0247D}.Release|Any CPU.Build.0 = Release|Any CPU
	EndGlobalSection
	GlobalSection(SolutionProperties) = preSolution
		HideSolutionNode = FALSE
	EndGlobalSection
	GlobalSection(ExtensibilityGlobals) = postSolution
		SolutionGuid = {0A1308A7-5E0C-4B16-B51F-60123FED13F2}
	EndGlobalSection
EndGlobal
